Microsoft Visual Studio Solution File, Format Version 12.00
# Visual Studio Version 17
VisualStudioVersion = 17.5.2.0
MinimumVisualStudioVersion = 10.0.40219.1
Project("{2150E333-8FDC-42A3-9474-1A3956D46DE8}") = "Api", "Api", "{D82C56D6-B2CD-F611-9E31-04638F7EC30E}"
EndProject
Project("{2150E333-8FDC-42A3-9474-1A3956D46DE8}") = "src", "src", "{7218997D-3624-D017-E052-9D306D24EF0B}"
EndProject
Project("{2150E333-8FDC-42A3-9474-1A3956D46DE8}") = "Aspire", "Aspire", "{C765E33D-F7D0-951B-4BA7-1A771A7ED860}"
EndProject
Project("{FAE04EC0-301F-11D3-BF4B-00C04F79EFBC}") = "ST.Aspire.AppHost", "Api\src\Aspire\ST.Aspire.AppHost\ST.Aspire.AppHost.csproj", "{6DBFAEFF-44D0-3E40-04C0-0BB4BF3DB851}"
EndProject
Project("{FAE04EC0-301F-11D3-BF4B-00C04F79EFBC}") = "ST.Aspire.ServiceDefaults", "Api\src\Aspire\ST.Aspire.ServiceDefaults\ST.Aspire.ServiceDefaults.csproj", "{D147F947-C719-3427-5F55-43300AEB593E}"
EndProject
Project("{2150E333-8FDC-42A3-9474-1A3956D46DE8}") = "Infrastructures", "Infrastructures", "{CC245C69-121B-BAD9-DB01-A989B856489A}"
EndProject
Project("{FAE04EC0-301F-11D3-BF4B-00C04F79EFBC}") = "ST.Infra.Core", "Api\src\Infrastructures\ST.Infra.Core\ST.Infra.Core.csproj", "{45AE8936-718A-9E68-6AEC-AB89863E9197}"
EndProject
Project("{FAE04EC0-301F-11D3-BF4B-00C04F79EFBC}") = "ST.Infra.Email", "Api\src\Infrastructures\ST.Infra.Email\ST.Infra.Email.csproj", "{0664A21D-AF7B-F5DB-1E37-18570C255DE8}"
EndProject
Project("{FAE04EC0-301F-11D3-BF4B-00C04F79EFBC}") = "ST.Infra.EntityFramework", "Api\src\Infrastructures\ST.Infra.EntityFramework\ST.Infra.EntityFramework.csproj", "{DCE9F8BA-35E8-E274-FCB2-C1410F6A9564}"
EndProject
Project("{FAE04EC0-301F-11D3-BF4B-00C04F79EFBC}") = "ST.Infra.EntityFramework.Npgsql", "Api\src\Infrastructures\ST.Infra.EntityFramework.Npgsql\ST.Infra.EntityFramework.Npgsql.csproj", "{FF70EEB0-0774-7A3B-E371-AAD48FE49F54}"
EndProject
Project("{FAE04EC0-301F-11D3-BF4B-00C04F79EFBC}") = "ST.Infra.EventBus", "Api\src\Infrastructures\ST.Infra.EventBus\ST.Infra.EventBus.csproj", "{17C9170E-76A3-A328-CA68-5C92DA2AA106}"
EndProject
Project("{FAE04EC0-301F-11D3-BF4B-00C04F79EFBC}") = "ST.Infra.Redis", "Api\src\Infrastructures\ST.Infra.Redis\ST.Infra.Redis.csproj", "{606F7776-BD25-AA6F-C6FB-9200132D7461}"
EndProject
Project("{FAE04EC0-301F-11D3-BF4B-00C04F79EFBC}") = "ST.Infra.Repository", "Api\src\Infrastructures\ST.Infra.Repository\ST.Infra.Repository.csproj", "{140BFCDF-CFBE-90F0-5901-49C37D4CC0B1}"
EndProject
Project("{FAE04EC0-301F-11D3-BF4B-00C04F79EFBC}") = "ST.Infra.Tasks", "Api\src\Infrastructures\ST.Infra.Tasks\ST.Infra.Tasks.csproj", "{446F06E9-856A-337F-539C-84E7DE939BD5}"
EndProject
Project("{2150E333-8FDC-42A3-9474-1A3956D46DE8}") = "ServiceShared", "ServiceShared", "{76F51CAE-104E-2A4C-707B-6F4CA288D3F1}"
EndProject
Project("{FAE04EC0-301F-11D3-BF4B-00C04F79EFBC}") = "ST.Shared", "Api\src\ServiceShared\ST.Shared\ST.Shared.csproj", "{7A337496-8063-33EE-6C55-D8612C457C84}"
EndProject
Project("{FAE04EC0-301F-11D3-BF4B-00C04F79EFBC}") = "ST.Shared.Application", "Api\src\ServiceShared\ST.Shared.Application\ST.Shared.Application.csproj", "{7E9591CA-FDD7-B548-55A7-A7FFE4282ED4}"
EndProject
Project("{FAE04EC0-301F-11D3-BF4B-00C04F79EFBC}") = "ST.Shared.Domain", "Api\src\ServiceShared\ST.Shared.Domain\ST.Shared.Domain.csproj", "{58020CFC-9024-BF84-7E6E-F0A6CD2A3CA8}"
EndProject
Project("{FAE04EC0-301F-11D3-BF4B-00C04F79EFBC}") = "ST.Shared.WebApi", "Api\src\ServiceShared\ST.Shared.WebApi\ST.Shared.WebApi.csproj", "{5C890AF1-9844-1231-46DC-07708BA24015}"
EndProject
Project("{2150E333-8FDC-42A3-9474-1A3956D46DE8}") = "Microservices", "Microservices", "{823F2F1D-163F-FCC9-5F72-83A524B98812}"
EndProject
Project("{2150E333-8FDC-42A3-9474-1A3956D46DE8}") = "FileUpload", "FileUpload", "{D65A0614-5B73-D58D-06D5-126C0559D39C}"
EndProject
Project("{FAE04EC0-301F-11D3-BF4B-00C04F79EFBC}") = "ST.MS.FileUpload.Api", "Api\src\Microservices\FileUpload\ST.MS.FileUpload.Api\ST.MS.FileUpload.Api.csproj", "{BBA0AE33-9E65-3FB6-5DE2-445B87FECF50}"
EndProject
Project("{FAE04EC0-301F-11D3-BF4B-00C04F79EFBC}") = "ST.MS.FileUpload.Application", "Api\src\Microservices\FileUpload\ST.MS.FileUpload.Application\ST.MS.FileUpload.Application.csproj", "{522C4C1B-3722-8E2F-9A64-59F928FB936D}"
EndProject
Project("{FAE04EC0-301F-11D3-BF4B-00C04F79EFBC}") = "ST.MS.FileUpload.Domain", "Api\src\Microservices\FileUpload\ST.MS.FileUpload.Domain\ST.MS.FileUpload.Domain.csproj", "{56FF6294-D97A-1E60-A0C7-2D5C2715F1A2}"
EndProject
Project("{FAE04EC0-301F-11D3-BF4B-00C04F79EFBC}") = "ST.MS.FileUpload.Infra", "Api\src\Microservices\FileUpload\ST.MS.FileUpload.Infra\ST.MS.FileUpload.Infra.csproj", "{D91AA008-046E-FE46-7D47-AE393B903563}"
EndProject
Project("{2150E333-8FDC-42A3-9474-1A3956D46DE8}") = "Gateway", "Gateway", "{D9645DE8-7108-765B-10BD-90FFC4274FB3}"
EndProject
Project("{FAE04EC0-301F-11D3-BF4B-00C04F79EFBC}") = "ST.Gateway", "Api\src\Microservices\Gateway\ST.Gateway\ST.Gateway.csproj", "{2F86DC57-C5C9-557A-D3A9-75888CC3B86F}"
EndProject
Project("{2150E333-8FDC-42A3-9474-1A3956D46DE8}") = "Identity", "Identity", "{C69E2566-78C7-5C01-84B0-7E9A48A6532B}"
EndProject
Project("{FAE04EC0-301F-11D3-BF4B-00C04F79EFBC}") = "ST.MS.Identity.Api", "Api\src\Microservices\Identity\ST.MS.Identity.Api\ST.MS.Identity.Api.csproj", "{B53142C2-2C61-E427-0040-2E9F2D95A551}"
EndProject
Project("{FAE04EC0-301F-11D3-BF4B-00C04F79EFBC}") = "ST.MS.Identity.Application", "Api\src\Microservices\Identity\ST.MS.Identity.Application\ST.MS.Identity.Application.csproj", "{62EFA530-BAC4-A3CB-A782-5DCC06C09866}"
EndProject
Project("{FAE04EC0-301F-11D3-BF4B-00C04F79EFBC}") = "ST.MS.Identity.Domain", "Api\src\Microservices\Identity\ST.MS.Identity.Domain\ST.MS.Identity.Domain.csproj", "{618D0492-7055-97D6-3578-4BB69D7D3907}"
EndProject
Project("{FAE04EC0-301F-11D3-BF4B-00C04F79EFBC}") = "ST.MS.Identity.Infra", "Api\src\Microservices\Identity\ST.MS.Identity.Infra\ST.MS.Identity.Infra.csproj", "{121209F9-544F-7633-6988-9D00645040E7}"
EndProject
Project("{2150E333-8FDC-42A3-9474-1A3956D46DE8}") = "OperationLog", "OperationLog", "{08760257-BCE1-E4D8-565B-D2350A0E56E4}"
EndProject
Project("{FAE04EC0-301F-11D3-BF4B-00C04F79EFBC}") = "ST.MS.OperationLog.Api", "Api\src\Microservices\OperationLog\ST.MS.OperationLog.Api\ST.MS.OperationLog.Api.csproj", "{ECFE10A1-3D1A-7472-8425-39455591F670}"
EndProject
Project("{FAE04EC0-301F-11D3-BF4B-00C04F79EFBC}") = "ST.MS.OperationLog.Application", "Api\src\Microservices\OperationLog\ST.MS.OperationLog.Application\ST.MS.OperationLog.Application.csproj", "{A53CA052-FDB2-78DA-ABB8-CE0AE5A3E850}"
EndProject
Project("{FAE04EC0-301F-11D3-BF4B-00C04F79EFBC}") = "ST.MS.OperationLog.Consumer", "Api\src\Microservices\OperationLog\ST.MS.OperationLog.Consumer\ST.MS.OperationLog.Consumer.csproj", "{A1B7BC08-4D4C-22A2-F4A2-E63125E104CF}"
EndProject
Project("{FAE04EC0-301F-11D3-BF4B-00C04F79EFBC}") = "ST.MS.OperationLog.Infra", "Api\src\Microservices\OperationLog\ST.MS.OperationLog.Infra\ST.MS.OperationLog.Infra.csproj", "{12D0A2F2-A7A1-935F-786A-008B56227A5D}"
EndProject
Project("{2150E333-8FDC-42A3-9474-1A3956D46DE8}") = "Test", "Test", "{4C1CBC57-6F2E-04E5-61F7-1D2441BB90F5}"
EndProject
Project("{FAE04EC0-301F-11D3-BF4B-00C04F79EFBC}") = "ST.MS.Test.Api", "Api\src\Microservices\Test\ST.MS.Test.Api\ST.MS.Test.Api.csproj", "{A2A87A61-AAF7-C3DD-7B9E-E319ECCC6BC3}"
EndProject
Project("{FAE04EC0-301F-11D3-BF4B-00C04F79EFBC}") = "ST.MS.Test.Application", "Api\src\Microservices\Test\ST.MS.Test.Application\ST.MS.Test.Application.csproj", "{EA69CA3A-E592-7E60-8903-48FBF58CF48E}"
EndProject
Project("{FAE04EC0-301F-11D3-BF4B-00C04F79EFBC}") = "ST.MS.Test.Domain", "Api\src\Microservices\Test\ST.MS.Test.Domain\ST.MS.Test.Domain.csproj", "{14640D82-8CBB-4533-F349-F75ACA5C578E}"
EndProject
Project("{FAE04EC0-301F-11D3-BF4B-00C04F79EFBC}") = "ST.MS.Test.Infra", "Api\src\Microservices\Test\ST.MS.Test.Infra\ST.MS.Test.Infra.csproj", "{AF4566E1-BA33-73BE-5E5E-2896A0B0F502}"
EndProject
Global
	GlobalSection(SolutionConfigurationPlatforms) = preSolution
		Debug|Any CPU = Debug|Any CPU
		Release|Any CPU = Release|Any CPU
	EndGlobalSection
	GlobalSection(ProjectConfigurationPlatforms) = postSolution
		{6DBFAEFF-44D0-3E40-04C0-0BB4BF3DB851}.Debug|Any CPU.ActiveCfg = Debug|Any CPU
		{6DBFAEFF-44D0-3E40-04C0-0BB4BF3DB851}.Debug|Any CPU.Build.0 = Debug|Any CPU
		{6DBFAEFF-44D0-3E40-04C0-0BB4BF3DB851}.Release|Any CPU.ActiveCfg = Release|Any CPU
		{6DBFAEFF-44D0-3E40-04C0-0BB4BF3DB851}.Release|Any CPU.Build.0 = Release|Any CPU
		{D147F947-C719-3427-5F55-43300AEB593E}.Debug|Any CPU.ActiveCfg = Debug|Any CPU
		{D147F947-C719-3427-5F55-43300AEB593E}.Debug|Any CPU.Build.0 = Debug|Any CPU
		{D147F947-C719-3427-5F55-43300AEB593E}.Release|Any CPU.ActiveCfg = Release|Any CPU
		{D147F947-C719-3427-5F55-43300AEB593E}.Release|Any CPU.Build.0 = Release|Any CPU
		{45AE8936-718A-9E68-6AEC-AB89863E9197}.Debug|Any CPU.ActiveCfg = Debug|Any CPU
		{45AE8936-718A-9E68-6AEC-AB89863E9197}.Debug|Any CPU.Build.0 = Debug|Any CPU
		{45AE8936-718A-9E68-6AEC-AB89863E9197}.Release|Any CPU.ActiveCfg = Release|Any CPU
		{45AE8936-718A-9E68-6AEC-AB89863E9197}.Release|Any CPU.Build.0 = Release|Any CPU
		{0664A21D-AF7B-F5DB-1E37-18570C255DE8}.Debug|Any CPU.ActiveCfg = Debug|Any CPU
		{0664A21D-AF7B-F5DB-1E37-18570C255DE8}.Debug|Any CPU.Build.0 = Debug|Any CPU
		{0664A21D-AF7B-F5DB-1E37-18570C255DE8}.Release|Any CPU.ActiveCfg = Release|Any CPU
		{0664A21D-AF7B-F5DB-1E37-18570C255DE8}.Release|Any CPU.Build.0 = Release|Any CPU
		{DCE9F8BA-35E8-E274-FCB2-C1410F6A9564}.Debug|Any CPU.ActiveCfg = Debug|Any CPU
		{DCE9F8BA-35E8-E274-FCB2-C1410F6A9564}.Debug|Any CPU.Build.0 = Debug|Any CPU
		{DCE9F8BA-35E8-E274-FCB2-C1410F6A9564}.Release|Any CPU.ActiveCfg = Release|Any CPU
		{DCE9F8BA-35E8-E274-FCB2-C1410F6A9564}.Release|Any CPU.Build.0 = Release|Any CPU
		{FF70EEB0-0774-7A3B-E371-AAD48FE49F54}.Debug|Any CPU.ActiveCfg = Debug|Any CPU
		{FF70EEB0-0774-7A3B-E371-AAD48FE49F54}.Debug|Any CPU.Build.0 = Debug|Any CPU
		{FF70EEB0-0774-7A3B-E371-AAD48FE49F54}.Release|Any CPU.ActiveCfg = Release|Any CPU
		{FF70EEB0-0774-7A3B-E371-AAD48FE49F54}.Release|Any CPU.Build.0 = Release|Any CPU
		{17C9170E-76A3-A328-CA68-5C92DA2AA106}.Debug|Any CPU.ActiveCfg = Debug|Any CPU
		{17C9170E-76A3-A328-CA68-5C92DA2AA106}.Debug|Any CPU.Build.0 = Debug|Any CPU
		{17C9170E-76A3-A328-CA68-5C92DA2AA106}.Release|Any CPU.ActiveCfg = Release|Any CPU
		{17C9170E-76A3-A328-CA68-5C92DA2AA106}.Release|Any CPU.Build.0 = Release|Any CPU
		{606F7776-BD25-AA6F-C6FB-9200132D7461}.Debug|Any CPU.ActiveCfg = Debug|Any CPU
		{606F7776-BD25-AA6F-C6FB-9200132D7461}.Debug|Any CPU.Build.0 = Debug|Any CPU
		{606F7776-BD25-AA6F-C6FB-9200132D7461}.Release|Any CPU.ActiveCfg = Release|Any CPU
		{606F7776-BD25-AA6F-C6FB-9200132D7461}.Release|Any CPU.Build.0 = Release|Any CPU
		{140BFCDF-CFBE-90F0-5901-49C37D4CC0B1}.Debug|Any CPU.ActiveCfg = Debug|Any CPU
		{140BFCDF-CFBE-90F0-5901-49C37D4CC0B1}.Debug|Any CPU.Build.0 = Debug|Any CPU
		{140BFCDF-CFBE-90F0-5901-49C37D4CC0B1}.Release|Any CPU.ActiveCfg = Release|Any CPU
		{140BFCDF-CFBE-90F0-5901-49C37D4CC0B1}.Release|Any CPU.Build.0 = Release|Any CPU
		{446F06E9-856A-337F-539C-84E7DE939BD5}.Debug|Any CPU.ActiveCfg = Debug|Any CPU
		{446F06E9-856A-337F-539C-84E7DE939BD5}.Debug|Any CPU.Build.0 = Debug|Any CPU
		{446F06E9-856A-337F-539C-84E7DE939BD5}.Release|Any CPU.ActiveCfg = Release|Any CPU
		{446F06E9-856A-337F-539C-84E7DE939BD5}.Release|Any CPU.Build.0 = Release|Any CPU
		{7A337496-8063-33EE-6C55-D8612C457C84}.Debug|Any CPU.ActiveCfg = Debug|Any CPU
		{7A337496-8063-33EE-6C55-D8612C457C84}.Debug|Any CPU.Build.0 = Debug|Any CPU
		{7A337496-8063-33EE-6C55-D8612C457C84}.Release|Any CPU.ActiveCfg = Release|Any CPU
		{7A337496-8063-33EE-6C55-D8612C457C84}.Release|Any CPU.Build.0 = Release|Any CPU
		{7E9591CA-FDD7-B548-55A7-A7FFE4282ED4}.Debug|Any CPU.ActiveCfg = Debug|Any CPU
		{7E9591CA-FDD7-B548-55A7-A7FFE4282ED4}.Debug|Any CPU.Build.0 = Debug|Any CPU
		{7E9591CA-FDD7-B548-55A7-A7FFE4282ED4}.Release|Any CPU.ActiveCfg = Release|Any CPU
		{7E9591CA-FDD7-B548-55A7-A7FFE4282ED4}.Release|Any CPU.Build.0 = Release|Any CPU
		{58020CFC-9024-BF84-7E6E-F0A6CD2A3CA8}.Debug|Any CPU.ActiveCfg = Debug|Any CPU
		{58020CFC-9024-BF84-7E6E-F0A6CD2A3CA8}.Debug|Any CPU.Build.0 = Debug|Any CPU
		{58020CFC-9024-BF84-7E6E-F0A6CD2A3CA8}.Release|Any CPU.ActiveCfg = Release|Any CPU
		{58020CFC-9024-BF84-7E6E-F0A6CD2A3CA8}.Release|Any CPU.Build.0 = Release|Any CPU
		{5C890AF1-9844-1231-46DC-07708BA24015}.Debug|Any CPU.ActiveCfg = Debug|Any CPU
		{5C890AF1-9844-1231-46DC-07708BA24015}.Debug|Any CPU.Build.0 = Debug|Any CPU
		{5C890AF1-9844-1231-46DC-07708BA24015}.Release|Any CPU.ActiveCfg = Release|Any CPU
		{5C890AF1-9844-1231-46DC-07708BA24015}.Release|Any CPU.Build.0 = Release|Any CPU
		{BBA0AE33-9E65-3FB6-5DE2-445B87FECF50}.Debug|Any CPU.ActiveCfg = Debug|Any CPU
		{BBA0AE33-9E65-3FB6-5DE2-445B87FECF50}.Debug|Any CPU.Build.0 = Debug|Any CPU
		{BBA0AE33-9E65-3FB6-5DE2-445B87FECF50}.Release|Any CPU.ActiveCfg = Release|Any CPU
		{BBA0AE33-9E65-3FB6-5DE2-445B87FECF50}.Release|Any CPU.Build.0 = Release|Any CPU
		{522C4C1B-3722-8E2F-9A64-59F928FB936D}.Debug|Any CPU.ActiveCfg = Debug|Any CPU
		{522C4C1B-3722-8E2F-9A64-59F928FB936D}.Debug|Any CPU.Build.0 = Debug|Any CPU
		{522C4C1B-3722-8E2F-9A64-59F928FB936D}.Release|Any CPU.ActiveCfg = Release|Any CPU
		{522C4C1B-3722-8E2F-9A64-59F928FB936D}.Release|Any CPU.Build.0 = Release|Any CPU
		{56FF6294-D97A-1E60-A0C7-2D5C2715F1A2}.Debug|Any CPU.ActiveCfg = Debug|Any CPU
		{56FF6294-D97A-1E60-A0C7-2D5C2715F1A2}.Debug|Any CPU.Build.0 = Debug|Any CPU
		{56FF6294-D97A-1E60-A0C7-2D5C2715F1A2}.Release|Any CPU.ActiveCfg = Release|Any CPU
		{56FF6294-D97A-1E60-A0C7-2D5C2715F1A2}.Release|Any CPU.Build.0 = Release|Any CPU
		{D91AA008-046E-FE46-7D47-AE393B903563}.Debug|Any CPU.ActiveCfg = Debug|Any CPU
		{D91AA008-046E-FE46-7D47-AE393B903563}.Debug|Any CPU.Build.0 = Debug|Any CPU
		{D91AA008-046E-FE46-7D47-AE393B903563}.Release|Any CPU.ActiveCfg = Release|Any CPU
		{D91AA008-046E-FE46-7D47-AE393B903563}.Release|Any CPU.Build.0 = Release|Any CPU
		{2F86DC57-C5C9-557A-D3A9-75888CC3B86F}.Debug|Any CPU.ActiveCfg = Debug|Any CPU
		{2F86DC57-C5C9-557A-D3A9-75888CC3B86F}.Debug|Any CPU.Build.0 = Debug|Any CPU
		{2F86DC57-C5C9-557A-D3A9-75888CC3B86F}.Release|Any CPU.ActiveCfg = Release|Any CPU
		{2F86DC57-C5C9-557A-D3A9-75888CC3B86F}.Release|Any CPU.Build.0 = Release|Any CPU
		{B53142C2-2C61-E427-0040-2E9F2D95A551}.Debug|Any CPU.ActiveCfg = Debug|Any CPU
		{B53142C2-2C61-E427-0040-2E9F2D95A551}.Debug|Any CPU.Build.0 = Debug|Any CPU
		{B53142C2-2C61-E427-0040-2E9F2D95A551}.Release|Any CPU.ActiveCfg = Release|Any CPU
		{B53142C2-2C61-E427-0040-2E9F2D95A551}.Release|Any CPU.Build.0 = Release|Any CPU
		{62EFA530-BAC4-A3CB-A782-5DCC06C09866}.Debug|Any CPU.ActiveCfg = Debug|Any CPU
		{62EFA530-BAC4-A3CB-A782-5DCC06C09866}.Debug|Any CPU.Build.0 = Debug|Any CPU
		{62EFA530-BAC4-A3CB-A782-5DCC06C09866}.Release|Any CPU.ActiveCfg = Release|Any CPU
		{62EFA530-BAC4-A3CB-A782-5DCC06C09866}.Release|Any CPU.Build.0 = Release|Any CPU
		{618D0492-7055-97D6-3578-4BB69D7D3907}.Debug|Any CPU.ActiveCfg = Debug|Any CPU
		{618D0492-7055-97D6-3578-4BB69D7D3907}.Debug|Any CPU.Build.0 = Debug|Any CPU
		{618D0492-7055-97D6-3578-4BB69D7D3907}.Release|Any CPU.ActiveCfg = Release|Any CPU
		{618D0492-7055-97D6-3578-4BB69D7D3907}.Release|Any CPU.Build.0 = Release|Any CPU
		{121209F9-544F-7633-6988-9D00645040E7}.Debug|Any CPU.ActiveCfg = Debug|Any CPU
		{121209F9-544F-7633-6988-9D00645040E7}.Debug|Any CPU.Build.0 = Debug|Any CPU
		{121209F9-544F-7633-6988-9D00645040E7}.Release|Any CPU.ActiveCfg = Release|Any CPU
		{121209F9-544F-7633-6988-9D00645040E7}.Release|Any CPU.Build.0 = Release|Any CPU
		{ECFE10A1-3D1A-7472-8425-39455591F670}.Debug|Any CPU.ActiveCfg = Debug|Any CPU
		{ECFE10A1-3D1A-7472-8425-39455591F670}.Debug|Any CPU.Build.0 = Debug|Any CPU
		{ECFE10A1-3D1A-7472-8425-39455591F670}.Release|Any CPU.ActiveCfg = Release|Any CPU
		{ECFE10A1-3D1A-7472-8425-39455591F670}.Release|Any CPU.Build.0 = Release|Any CPU
		{A53CA052-FDB2-78DA-ABB8-CE0AE5A3E850}.Debug|Any CPU.ActiveCfg = Debug|Any CPU
		{A53CA052-FDB2-78DA-ABB8-CE0AE5A3E850}.Debug|Any CPU.Build.0 = Debug|Any CPU
		{A53CA052-FDB2-78DA-ABB8-CE0AE5A3E850}.Release|Any CPU.ActiveCfg = Release|Any CPU
		{A53CA052-FDB2-78DA-ABB8-CE0AE5A3E850}.Release|Any CPU.Build.0 = Release|Any CPU
		{A1B7BC08-4D4C-22A2-F4A2-E63125E104CF}.Debug|Any CPU.ActiveCfg = Debug|Any CPU
		{A1B7BC08-4D4C-22A2-F4A2-E63125E104CF}.Debug|Any CPU.Build.0 = Debug|Any CPU
		{A1B7BC08-4D4C-22A2-F4A2-E63125E104CF}.Release|Any CPU.ActiveCfg = Release|Any CPU
		{A1B7BC08-4D4C-22A2-F4A2-E63125E104CF}.Release|Any CPU.Build.0 = Release|Any CPU
		{12D0A2F2-A7A1-935F-786A-008B56227A5D}.Debug|Any CPU.ActiveCfg = Debug|Any CPU
		{12D0A2F2-A7A1-935F-786A-008B56227A5D}.Debug|Any CPU.Build.0 = Debug|Any CPU
		{12D0A2F2-A7A1-935F-786A-008B56227A5D}.Release|Any CPU.ActiveCfg = Release|Any CPU
		{12D0A2F2-A7A1-935F-786A-008B56227A5D}.Release|Any CPU.Build.0 = Release|Any CPU
		{A2A87A61-AAF7-C3DD-7B9E-E319ECCC6BC3}.Debug|Any CPU.ActiveCfg = Debug|Any CPU
		{A2A87A61-AAF7-C3DD-7B9E-E319ECCC6BC3}.Debug|Any CPU.Build.0 = Debug|Any CPU
		{A2A87A61-AAF7-C3DD-7B9E-E319ECCC6BC3}.Release|Any CPU.ActiveCfg = Release|Any CPU
		{A2A87A61-AAF7-C3DD-7B9E-E319ECCC6BC3}.Release|Any CPU.Build.0 = Release|Any CPU
		{EA69CA3A-E592-7E60-8903-48FBF58CF48E}.Debug|Any CPU.ActiveCfg = Debug|Any CPU
		{EA69CA3A-E592-7E60-8903-48FBF58CF48E}.Debug|Any CPU.Build.0 = Debug|Any CPU
		{EA69CA3A-E592-7E60-8903-48FBF58CF48E}.Release|Any CPU.ActiveCfg = Release|Any CPU
		{EA69CA3A-E592-7E60-8903-48FBF58CF48E}.Release|Any CPU.Build.0 = Release|Any CPU
		{14640D82-8CBB-4533-F349-F75ACA5C578E}.Debug|Any CPU.ActiveCfg = Debug|Any CPU
		{14640D82-8CBB-4533-F349-F75ACA5C578E}.Debug|Any CPU.Build.0 = Debug|Any CPU
		{14640D82-8CBB-4533-F349-F75ACA5C578E}.Release|Any CPU.ActiveCfg = Release|Any CPU
		{14640D82-8CBB-4533-F349-F75ACA5C578E}.Release|Any CPU.Build.0 = Release|Any CPU
		{AF4566E1-BA33-73BE-5E5E-2896A0B0F502}.Debug|Any CPU.ActiveCfg = Debug|Any CPU
		{AF4566E1-BA33-73BE-5E5E-2896A0B0F502}.Debug|Any CPU.Build.0 = Debug|Any CPU
		{AF4566E1-BA33-73BE-5E5E-2896A0B0F502}.Release|Any CPU.ActiveCfg = Release|Any CPU
		{AF4566E1-BA33-73BE-5E5E-2896A0B0F502}.Release|Any CPU.Build.0 = Release|Any CPU
	EndGlobalSection
	GlobalSection(SolutionProperties) = preSolution
		HideSolutionNode = FALSE
	EndGlobalSection
	GlobalSection(NestedProjects) = preSolution
		{7218997D-3624-D017-E052-9D306D24EF0B} = {D82C56D6-B2CD-F611-9E31-04638F7EC30E}
		{C765E33D-F7D0-951B-4BA7-1A771A7ED860} = {7218997D-3624-D017-E052-9D306D24EF0B}
		{6DBFAEFF-44D0-3E40-04C0-0BB4BF3DB851} = {C765E33D-F7D0-951B-4BA7-1A771A7ED860}
		{D147F947-C719-3427-5F55-43300AEB593E} = {C765E33D-F7D0-951B-4BA7-1A771A7ED860}
		{CC245C69-121B-BAD9-DB01-A989B856489A} = {7218997D-3624-D017-E052-9D306D24EF0B}
		{45AE8936-718A-9E68-6AEC-AB89863E9197} = {CC245C69-121B-BAD9-DB01-A989B856489A}
		{0664A21D-AF7B-F5DB-1E37-18570C255DE8} = {CC245C69-121B-BAD9-DB01-A989B856489A}
		{DCE9F8BA-35E8-E274-FCB2-C1410F6A9564} = {CC245C69-121B-BAD9-DB01-A989B856489A}
		{FF70EEB0-0774-7A3B-E371-AAD48FE49F54} = {CC245C69-121B-BAD9-DB01-A989B856489A}
		{17C9170E-76A3-A328-CA68-5C92DA2AA106} = {CC245C69-121B-BAD9-DB01-A989B856489A}
		{606F7776-BD25-AA6F-C6FB-9200132D7461} = {CC245C69-121B-BAD9-DB01-A989B856489A}
		{140BFCDF-CFBE-90F0-5901-49C37D4CC0B1} = {CC245C69-121B-BAD9-DB01-A989B856489A}
		{446F06E9-856A-337F-539C-84E7DE939BD5} = {CC245C69-121B-BAD9-DB01-A989B856489A}
		{76F51CAE-104E-2A4C-707B-6F4CA288D3F1} = {7218997D-3624-D017-E052-9D306D24EF0B}
		{7A337496-8063-33EE-6C55-D8612C457C84} = {76F51CAE-104E-2A4C-707B-6F4CA288D3F1}
		{7E9591CA-FDD7-B548-55A7-A7FFE4282ED4} = {76F51CAE-104E-2A4C-707B-6F4CA288D3F1}
		{58020CFC-9024-BF84-7E6E-F0A6CD2A3CA8} = {76F51CAE-104E-2A4C-707B-6F4CA288D3F1}
		{5C890AF1-9844-1231-46DC-07708BA24015} = {76F51CAE-104E-2A4C-707B-6F4CA288D3F1}
		{823F2F1D-163F-FCC9-5F72-83A524B98812} = {7218997D-3624-D017-E052-9D306D24EF0B}
		{D65A0614-5B73-D58D-06D5-126C0559D39C} = {823F2F1D-163F-FCC9-5F72-83A524B98812}
		{BBA0AE33-9E65-3FB6-5DE2-445B87FECF50} = {D65A0614-5B73-D58D-06D5-126C0559D39C}
		{522C4C1B-3722-8E2F-9A64-59F928FB936D} = {D65A0614-5B73-D58D-06D5-126C0559D39C}
		{56FF6294-D97A-1E60-A0C7-2D5C2715F1A2} = {D65A0614-5B73-D58D-06D5-126C0559D39C}
		{D91AA008-046E-FE46-7D47-AE393B903563} = {D65A0614-5B73-D58D-06D5-126C0559D39C}
		{D9645DE8-7108-765B-10BD-90FFC4274FB3} = {823F2F1D-163F-FCC9-5F72-83A524B98812}
		{2F86DC57-C5C9-557A-D3A9-75888CC3B86F} = {D9645DE8-7108-765B-10BD-90FFC4274FB3}
		{C69E2566-78C7-5C01-84B0-7E9A48A6532B} = {823F2F1D-163F-FCC9-5F72-83A524B98812}
		{B53142C2-2C61-E427-0040-2E9F2D95A551} = {C69E2566-78C7-5C01-84B0-7E9A48A6532B}
		{62EFA530-BAC4-A3CB-A782-5DCC06C09866} = {C69E2566-78C7-5C01-84B0-7E9A48A6532B}
		{618D0492-7055-97D6-3578-4BB69D7D3907} = {C69E2566-78C7-5C01-84B0-7E9A48A6532B}
		{121209F9-544F-7633-6988-9D00645040E7} = {C69E2566-78C7-5C01-84B0-7E9A48A6532B}
		{08760257-BCE1-E4D8-565B-D2350A0E56E4} = {823F2F1D-163F-FCC9-5F72-83A524B98812}
		{ECFE10A1-3D1A-7472-8425-39455591F670} = {08760257-BCE1-E4D8-565B-D2350A0E56E4}
		{A53CA052-FDB2-78DA-ABB8-CE0AE5A3E850} = {08760257-BCE1-E4D8-565B-D2350A0E56E4}
		{A1B7BC08-4D4C-22A2-F4A2-E63125E104CF} = {08760257-BCE1-E4D8-565B-D2350A0E56E4}
		{12D0A2F2-A7A1-935F-786A-008B56227A5D} = {08760257-BCE1-E4D8-565B-D2350A0E56E4}
		{4C1CBC57-6F2E-04E5-61F7-1D2441BB90F5} = {823F2F1D-163F-FCC9-5F72-83A524B98812}
		{A2A87A61-AAF7-C3DD-7B9E-E319ECCC6BC3} = {4C1CBC57-6F2E-04E5-61F7-1D2441BB90F5}
		{EA69CA3A-E592-7E60-8903-48FBF58CF48E} = {4C1CBC57-6F2E-04E5-61F7-1D2441BB90F5}
		{14640D82-8CBB-4533-F349-F75ACA5C578E} = {4C1CBC57-6F2E-04E5-61F7-1D2441BB90F5}
		{AF4566E1-BA33-73BE-5E5E-2896A0B0F502} = {4C1CBC57-6F2E-04E5-61F7-1D2441BB90F5}
	EndGlobalSection
	GlobalSection(ExtensibilityGlobals) = postSolution
		SolutionGuid = {E77AB38E-A054-482F-A24E-17AE9BCAF338}
	EndGlobalSection
EndGlobal
